
Microsoft Visual Studio Solution File, Format Version 12.00
# Visual Studio 15
VisualStudioVersion = 15.0.28307.438
MinimumVisualStudioVersion = 10.0.40219.1
Project("{F184B08F-C81C-45F6-A57F-5ABD9991F28F}") = "Aprendizaje", "Aprendizaje\Aprendizaje.vbproj", "{6FEE52D0-5916-4390-ABC4-D869F268A6D7}"
EndProject
Global
	GlobalSection(SolutionConfigurationPlatforms) = preSolution
		Debug|Any CPU = Debug|Any CPU
		Release|Any CPU = Release|Any CPU
	EndGlobalSection
	GlobalSection(ProjectConfigurationPlatforms) = postSolution
		{6FEE52D0-5916-4390-ABC4-D869F268A6D7}.Debug|Any CPU.ActiveCfg = Debug|Any CPU
		{6FEE52D0-5916-4390-ABC4-D869F268A6D7}.Debug|Any CPU.Build.0 = Debug|Any CPU
		{6FEE52D0-5916-4390-ABC4-D869F268A6D7}.Release|Any CPU.ActiveCfg = Release|Any CPU
		{6FEE52D0-5916-4390-ABC4-D869F268A6D7}.Release|Any CPU.Build.0 = Release|Any CPU
	EndGlobalSection
	GlobalSection(SolutionProperties) = preSolution
		HideSolutionNode = FALSE
	EndGlobalSection
	GlobalSection(ExtensibilityGlobals) = postSolution
		SolutionGuid = {4AA3AB76-074B-45D8-BA48-A3FB3CF13A27}
	EndGlobalSection
EndGlobal
